
Microsoft Visual Studio Solution File, Format Version 12.00
# Visual Studio Version 17
VisualStudioVersion = 17.14.36511.14
MinimumVisualStudioVersion = 10.0.40219.1
Project("{FAE04EC0-301F-11D3-BF4B-00C04F79EFBC}") = "ClassLibraryRSP", "ClassLibraryRSP\ClassLibraryRSP.csproj", "{45CC9ECE-21F4-4BFE-AE13-C73A5B2C2E36}"
EndProject
Project("{FAE04EC0-301F-11D3-BF4B-00C04F79EFBC}") = "WpfAppRSP", "WpfAppRSP\WpfAppRSP.csproj", "{57AA48EC-D8DD-4AFF-BAD2-503D3A82EC9B}"
EndProject
Project("{FAE04EC0-301F-11D3-BF4B-00C04F79EFBC}") = "TestProjectRSP", "TestProjectRSP\TestProjectRSP.csproj", "{12ACC953-BD11-4F3B-9B5D-3082FB4E097B}"
EndProject
Global
	GlobalSection(SolutionConfigurationPlatforms) = preSolution
		Debug|Any CPU = Debug|Any CPU
		Release|Any CPU = Release|Any CPU
	EndGlobalSection
	GlobalSection(ProjectConfigurationPlatforms) = postSolution
		{45CC9ECE-21F4-4BFE-AE13-C73A5B2C2E36}.Debug|Any CPU.ActiveCfg = Debug|Any CPU
		{45CC9ECE-21F4-4BFE-AE13-C73A5B2C2E36}.Debug|Any CPU.Build.0 = Debug|Any CPU
		{45CC9ECE-21F4-4BFE-AE13-C73A5B2C2E36}.Release|Any CPU.ActiveCfg = Release|Any CPU
		{45CC9ECE-21F4-4BFE-AE13-C73A5B2C2E36}.Release|Any CPU.Build.0 = Release|Any CPU
		{57AA48EC-D8DD-4AFF-BAD2-503D3A82EC9B}.Debug|Any CPU.ActiveCfg = Debug|Any CPU
		{57AA48EC-D8DD-4AFF-BAD2-503D3A82EC9B}.Debug|Any CPU.Build.0 = Debug|Any CPU
		{57AA48EC-D8DD-4AFF-BAD2-503D3A82EC9B}.Release|Any CPU.ActiveCfg = Release|Any CPU
		{57AA48EC-D8DD-4AFF-BAD2-503D3A82EC9B}.Release|Any CPU.Build.0 = Release|Any CPU
		{12ACC953-BD11-4F3B-9B5D-3082FB4E097B}.Debug|Any CPU.ActiveCfg = Debug|Any CPU
		{12ACC953-BD11-4F3B-9B5D-3082FB4E097B}.Debug|Any CPU.Build.0 = Debug|Any CPU
		{12ACC953-BD11-4F3B-9B5D-3082FB4E097B}.Release|Any CPU.ActiveCfg = Release|Any CPU
		{12ACC953-BD11-4F3B-9B5D-3082FB4E097B}.Release|Any CPU.Build.0 = Release|Any CPU
	EndGlobalSection
	GlobalSection(SolutionProperties) = preSolution
		HideSolutionNode = FALSE
	EndGlobalSection
	GlobalSection(ExtensibilityGlobals) = postSolution
		SolutionGuid = {A6A4D68E-3D83-4B4E-B2CB-7A386428CC33}
	EndGlobalSection
EndGlobal
